// !$*UTF8*$!
{
	archiveVersion = 1;
	classes = {
	};
	objectVersion = 77;
	objects = {

/* Begin PBXBuildFile section */
		0C05FD0C4D9C5C12F3D9B8B8 /* DafYomiData.swift in Sources */ = {isa = PBXBuildFile; fileRef = A93D0509CAAE2FFD35D5D374 /* DafYomiData.swift */; };
		1D29F8807C5BBBC2CA882E25 /* DafYomiHeaderView.swift in Sources */ = {isa = PBXBuildFile; fileRef = 66F4BD2D602E951FDA650B25 /* DafYomiHeaderView.swift */; };
		1D399E0B0F05608818B26FCC /* DafYomiData.swift in Sources */ = {isa = PBXBuildFile; fileRef = A93D0509CAAE2FFD35D5D374 /* DafYomiData.swift */; };
		2343CDAE0489D4DF2BCE6A85 /* sources in Resources */ = {isa = PBXBuildFile; fileRef = FD1DC5035FE0883CDD5B5855 /* sources */; };
		27453B27659C1EDA85E12FA0 /* SettingsView.swift in Sources */ = {isa = PBXBuildFile; fileRef = 5E444C14521EFAD96103CF19 /* SettingsView.swift */; };
		3208770743E93BCD7AE32C08 /* DafYomiViewerApp.swift in Sources */ = {isa = PBXBuildFile; fileRef = 6A4AE8CDF8A9BC9255517F7C /* DafYomiViewerApp.swift */; };
		350C8CFBEA925FC99AA1BC33 /* DafYomiViewerApp.swift in Sources */ = {isa = PBXBuildFile; fileRef = 6A4AE8CDF8A9BC9255517F7C /* DafYomiViewerApp.swift */; };
		52FEFF31F111549FAE32F3C0 /* SettingsView.swift in Sources */ = {isa = PBXBuildFile; fileRef = 5E444C14521EFAD96103CF19 /* SettingsView.swift */; };
		667BDA012C77CA96BFFCB29A /* sources in Resources */ = {isa = PBXBuildFile; fileRef = FD1DC5035FE0883CDD5B5855 /* sources */; };
		71EF7B738DAF0009D44091A7 /* DafYomiHeaderView.swift in Sources */ = {isa = PBXBuildFile; fileRef = 66F4BD2D602E951FDA650B25 /* DafYomiHeaderView.swift */; };
		96CAA8AEEF5999E47FAC95C7 /* DraggableDivider.swift in Sources */ = {isa = PBXBuildFile; fileRef = 4D39D0F6545752438D6CA7CD /* DraggableDivider.swift */; };
		A10212A2BC33E2305B9643AA /* TextPanelView.swift in Sources */ = {isa = PBXBuildFile; fileRef = 39E6FB7C5E46AF32C89C4B7F /* TextPanelView.swift */; };
		AE3788246A115FCEDE8111F6 /* ContentView.swift in Sources */ = {isa = PBXBuildFile; fileRef = 19FA8E622D74FC6944FAD901 /* ContentView.swift */; };
		B8BBD3B92338B3D79CDB147C /* TextPanelView.swift in Sources */ = {isa = PBXBuildFile; fileRef = 39E6FB7C5E46AF32C89C4B7F /* TextPanelView.swift */; };
		D47BCBBC53F0B237D77DD7D0 /* Assets.xcassets in Resources */ = {isa = PBXBuildFile; fileRef = 0C3B5708F8AEB42A0E56A1DF /* Assets.xcassets */; };
		E41692E632097F177CF78F3F /* ContentView.swift in Sources */ = {isa = PBXBuildFile; fileRef = 19FA8E622D74FC6944FAD901 /* ContentView.swift */; };
		EC7C65EE8774D3E02115BB96 /* DraggableDivider.swift in Sources */ = {isa = PBXBuildFile; fileRef = 4D39D0F6545752438D6CA7CD /* DraggableDivider.swift */; };
		FD4A3E427099406E9C35EAE5 /* Assets.xcassets in Resources */ = {isa = PBXBuildFile; fileRef = 0C3B5708F8AEB42A0E56A1DF /* Assets.xcassets */; };
/* End PBXBuildFile section */

/* Begin PBXFileReference section */
		0C3B5708F8AEB42A0E56A1DF /* Assets.xcassets */ = {isa = PBXFileReference; lastKnownFileType = folder.assetcatalog; path = Assets.xcassets; sourceTree = "<group>"; };
		19FA8E622D74FC6944FAD901 /* ContentView.swift */ = {isa = PBXFileReference; lastKnownFileType = sourcecode.swift; path = ContentView.swift; sourceTree = "<group>"; };
		39E6FB7C5E46AF32C89C4B7F /* TextPanelView.swift */ = {isa = PBXFileReference; lastKnownFileType = sourcecode.swift; path = TextPanelView.swift; sourceTree = "<group>"; };
		4D39D0F6545752438D6CA7CD /* DraggableDivider.swift */ = {isa = PBXFileReference; lastKnownFileType = sourcecode.swift; path = DraggableDivider.swift; sourceTree = "<group>"; };
		5E444C14521EFAD96103CF19 /* SettingsView.swift */ = {isa = PBXFileReference; lastKnownFileType = sourcecode.swift; path = SettingsView.swift; sourceTree = "<group>"; };
		66F4BD2D602E951FDA650B25 /* DafYomiHeaderView.swift */ = {isa = PBXFileReference; lastKnownFileType = sourcecode.swift; path = DafYomiHeaderView.swift; sourceTree = "<group>"; };
		6A4AE8CDF8A9BC9255517F7C /* DafYomiViewerApp.swift */ = {isa = PBXFileReference; lastKnownFileType = sourcecode.swift; path = DafYomiViewerApp.swift; sourceTree = "<group>"; };
		9DF7B0AC56C72EE202D0DA26 /* DafYomiViewer.app */ = {isa = PBXFileReference; includeInIndex = 0; lastKnownFileType = wrapper.application; path = DafYomiViewer.app; sourceTree = BUILT_PRODUCTS_DIR; };
		A93D0509CAAE2FFD35D5D374 /* DafYomiData.swift */ = {isa = PBXFileReference; lastKnownFileType = sourcecode.swift; path = DafYomiData.swift; sourceTree = "<group>"; };
		F13EA321909C6343147AE3EB /* DafYomiViewerMac.app */ = {isa = PBXFileReference; explicitFileType = wrapper.application; includeInIndex = 0; path = DafYomiViewerMac.app; sourceTree = BUILT_PRODUCTS_DIR; };
		FD1DC5035FE0883CDD5B5855 /* sources */ = {isa = PBXFileReference; lastKnownFileType = folder; path = sources; sourceTree = SOURCE_ROOT; };
/* End PBXFileReference section */

/* Begin PBXGroup section */
		35BF9F0C836FB511BBA702E5 = {
			isa = PBXGroup;
			children = (
				0C3B5708F8AEB42A0E56A1DF /* Assets.xcassets */,
				FD1DC5035FE0883CDD5B5855 /* sources */,
				E80AE1CEED8E6D560ABDA0AB /* Models */,
				BF1532CE94466681CF9F4A97 /* Views */,
				376748072837A8280F25E753 /* yomi */,
				52F503CB10D5920439EE1BE5 /* Products */,
			);
			sourceTree = "<group>";
		};
		376748072837A8280F25E753 /* yomi */ = {
			isa = PBXGroup;
			children = (
				0C3B5708F8AEB42A0E56A1DF /* Assets.xcassets */,
				19FA8E622D74FC6944FAD901 /* ContentView.swift */,
				6A4AE8CDF8A9BC9255517F7C /* DafYomiViewerApp.swift */,
			);
			name = yomi;
			path = .;
			sourceTree = "<group>";
		};
		52F503CB10D5920439EE1BE5 /* Products */ = {
			isa = PBXGroup;
			children = (
				9DF7B0AC56C72EE202D0DA26 /* DafYomiViewer.app */,
				F13EA321909C6343147AE3EB /* DafYomiViewerMac.app */,
			);
			name = Products;
			sourceTree = "<group>";
		};
		BF1532CE94466681CF9F4A97 /* Views */ = {
			isa = PBXGroup;
			children = (
				66F4BD2D602E951FDA650B25 /* DafYomiHeaderView.swift */,
				4D39D0F6545752438D6CA7CD /* DraggableDivider.swift */,
				5E444C14521EFAD96103CF19 /* SettingsView.swift */,
				39E6FB7C5E46AF32C89C4B7F /* TextPanelView.swift */,
			);
			path = Views;
			sourceTree = "<group>";
		};
		E80AE1CEED8E6D560ABDA0AB /* Models */ = {
			isa = PBXGroup;
			children = (
				A93D0509CAAE2FFD35D5D374 /* DafYomiData.swift */,
			);
			path = Models;
			sourceTree = "<group>";
		};
/* End PBXGroup section */

/* Begin PBXNativeTarget section */
		BAEF9FD80F923D7F3C94CAC1 /* DafYomiViewer */ = {
			isa = PBXNativeTarget;
			buildConfigurationList = 4BA83034D004AC3FCD80272F /* Build configuration list for PBXNativeTarget "DafYomiViewer" */;
			buildPhases = (
				2469FCD14F388812ECCAFBF6 /* Sources */,
				1D5C462838B34A0C0ED2A84C /* Resources */,
			);
			buildRules = (
			);
			dependencies = (
			);
			name = DafYomiViewer;
			packageProductDependencies = (
			);
			productName = DafYomiViewer;
			productReference = 9DF7B0AC56C72EE202D0DA26 /* DafYomiViewer.app */;
			productType = "com.apple.product-type.application";
		};
		D33A96FA06E119080AEBCAE7 /* DafYomiViewerMac */ = {
			isa = PBXNativeTarget;
			buildConfigurationList = 5DAD046BE137CEF256396564 /* Build configuration list for PBXNativeTarget "DafYomiViewerMac" */;
			buildPhases = (
				30E9F42E43118288A2253395 /* Sources */,
				F075512824D77210F214CF7C /* Resources */,
			);
			buildRules = (
			);
			dependencies = (
			);
			name = DafYomiViewerMac;
			packageProductDependencies = (
			);
			productName = DafYomiViewerMac;
			productReference = F13EA321909C6343147AE3EB /* DafYomiViewerMac.app */;
			productType = "com.apple.product-type.application";
		};
/* End PBXNativeTarget section */

/* Begin PBXProject section */
		7D55D9A980003884FB1BC3E8 /* Project object */ = {
			isa = PBXProject;
			attributes = {
				BuildIndependentTargetsInParallel = YES;
				LastUpgradeCheck = 1500;
			};
			buildConfigurationList = 04154090DCE9E20A51A0EE82 /* Build configuration list for PBXProject "DafYomiViewer" */;
			compatibilityVersion = "Xcode 14.0";
			developmentRegion = en;
			hasScannedForEncodings = 0;
			knownRegions = (
				Base,
				en,
			);
			mainGroup = 35BF9F0C836FB511BBA702E5;
			minimizedProjectReferenceProxies = 1;
			packageReferences = (
			);
			preferredProjectObjectVersion = 77;
			projectDirPath = "";
			projectRoot = "";
			targets = (
				BAEF9FD80F923D7F3C94CAC1 /* DafYomiViewer */,
				D33A96FA06E119080AEBCAE7 /* DafYomiViewerMac */,
			);
		};
/* End PBXProject section */

/* Begin PBXResourcesBuildPhase section */
		1D5C462838B34A0C0ED2A84C /* Resources */ = {
			isa = PBXResourcesBuildPhase;
			buildActionMask = 2147483647;
			files = (
				FD4A3E427099406E9C35EAE5 /* Assets.xcassets in Resources */,
				667BDA012C77CA96BFFCB29A /* sources in Resources */,
			);
			runOnlyForDeploymentPostprocessing = 0;
		};
		F075512824D77210F214CF7C /* Resources */ = {
			isa = PBXResourcesBuildPhase;
			buildActionMask = 2147483647;
			files = (
				D47BCBBC53F0B237D77DD7D0 /* Assets.xcassets in Resources */,
				2343CDAE0489D4DF2BCE6A85 /* sources in Resources */,
			);
			runOnlyForDeploymentPostprocessing = 0;
		};
/* End PBXResourcesBuildPhase section */

/* Begin PBXSourcesBuildPhase section */
		2469FCD14F388812ECCAFBF6 /* Sources */ = {
			isa = PBXSourcesBuildPhase;
			buildActionMask = 2147483647;
			files = (
				E41692E632097F177CF78F3F /* ContentView.swift in Sources */,
				0C05FD0C4D9C5C12F3D9B8B8 /* DafYomiData.swift in Sources */,
				71EF7B738DAF0009D44091A7 /* DafYomiHeaderView.swift in Sources */,
				3208770743E93BCD7AE32C08 /* DafYomiViewerApp.swift in Sources */,
				96CAA8AEEF5999E47FAC95C7 /* DraggableDivider.swift in Sources */,
				52FEFF31F111549FAE32F3C0 /* SettingsView.swift in Sources */,
				A10212A2BC33E2305B9643AA /* TextPanelView.swift in Sources */,
			);
			runOnlyForDeploymentPostprocessing = 0;
		};
		30E9F42E43118288A2253395 /* Sources */ = {
			isa = PBXSourcesBuildPhase;
			buildActionMask = 2147483647;
			files = (
				AE3788246A115FCEDE8111F6 /* ContentView.swift in Sources */,
				1D399E0B0F05608818B26FCC /* DafYomiData.swift in Sources */,
				1D29F8807C5BBBC2CA882E25 /* DafYomiHeaderView.swift in Sources */,
				350C8CFBEA925FC99AA1BC33 /* DafYomiViewerApp.swift in Sources */,
				EC7C65EE8774D3E02115BB96 /* DraggableDivider.swift in Sources */,
				27453B27659C1EDA85E12FA0 /* SettingsView.swift in Sources */,
				B8BBD3B92338B3D79CDB147C /* TextPanelView.swift in Sources */,
			);
			runOnlyForDeploymentPostprocessing = 0;
		};
/* End PBXSourcesBuildPhase section */

/* Begin XCBuildConfiguration section */
		1599FCA861812AC36C0E8E91 /* Debug */ = {
			isa = XCBuildConfiguration;
			buildSettings = {
				ALWAYS_SEARCH_USER_PATHS = NO;
				CLANG_ANALYZER_NONNULL = YES;
				CLANG_ANALYZER_NUMBER_OBJECT_CONVERSION = YES_AGGRESSIVE;
				CLANG_CXX_LANGUAGE_STANDARD = "gnu++14";
				CLANG_CXX_LIBRARY = "libc++";
				CLANG_ENABLE_MODULES = YES;
				CLANG_ENABLE_OBJC_ARC = YES;
				CLANG_ENABLE_OBJC_WEAK = YES;
				CLANG_WARN_BLOCK_CAPTURE_AUTORELEASING = YES;
				CLANG_WARN_BOOL_CONVERSION = YES;
				CLANG_WARN_COMMA = YES;
				CLANG_WARN_CONSTANT_CONVERSION = YES;
				CLANG_WARN_DEPRECATED_OBJC_IMPLEMENTATIONS = YES;
				CLANG_WARN_DIRECT_OBJC_ISA_USAGE = YES_ERROR;
				CLANG_WARN_DOCUMENTATION_COMMENTS = YES;
				CLANG_WARN_EMPTY_BODY = YES;
				CLANG_WARN_ENUM_CONVERSION = YES;
				CLANG_WARN_INFINITE_RECURSION = YES;
				CLANG_WARN_INT_CONVERSION = YES;
				CLANG_WARN_NON_LITERAL_NULL_CONVERSION = YES;
				CLANG_WARN_OBJC_IMPLICIT_RETAIN_SELF = YES;
				CLANG_WARN_OBJC_LITERAL_CONVERSION = YES;
				CLANG_WARN_OBJC_ROOT_CLASS = YES_ERROR;
				CLANG_WARN_QUOTED_INCLUDE_IN_FRAMEWORK_HEADER = YES;
				CLANG_WARN_RANGE_LOOP_ANALYSIS = YES;
				CLANG_WARN_STRICT_PROTOTYPES = YES;
				CLANG_WARN_SUSPICIOUS_MOVE = YES;
				CLANG_WARN_UNGUARDED_AVAILABILITY = YES_AGGRESSIVE;
				CLANG_WARN_UNREACHABLE_CODE = YES;
				CLANG_WARN__DUPLICATE_METHOD_MATCH = YES;
				COPY_PHASE_STRIP = NO;
				DEBUG_INFORMATION_FORMAT = dwarf;
				ENABLE_STRICT_OBJC_MSGSEND = YES;
				ENABLE_TESTABILITY = YES;
				GCC_C_LANGUAGE_STANDARD = gnu11;
				GCC_DYNAMIC_NO_PIC = NO;
				GCC_NO_COMMON_BLOCKS = YES;
				GCC_OPTIMIZATION_LEVEL = 0;
				GCC_PREPROCESSOR_DEFINITIONS = (
					"$(inherited)",
					"DEBUG=1",
				);
				GCC_WARN_64_TO_32_BIT_CONVERSION = YES;
				GCC_WARN_ABOUT_RETURN_TYPE = YES_ERROR;
				GCC_WARN_UNDECLARED_SELECTOR = YES;
				GCC_WARN_UNINITIALIZED_AUTOS = YES_AGGRESSIVE;
				GCC_WARN_UNUSED_FUNCTION = YES;
				GCC_WARN_UNUSED_VARIABLE = YES;
				IPHONEOS_DEPLOYMENT_TARGET = 18.0;
				MACOSX_DEPLOYMENT_TARGET = 13.0;
				MTL_ENABLE_DEBUG_INFO = INCLUDE_SOURCE;
				MTL_FAST_MATH = YES;
				ONLY_ACTIVE_ARCH = YES;
				PRODUCT_NAME = "$(TARGET_NAME)";
				SWIFT_ACTIVE_COMPILATION_CONDITIONS = DEBUG;
				SWIFT_OPTIMIZATION_LEVEL = "-Onone";
				SWIFT_VERSION = 5.0;
			};
			name = Debug;
		};
		266B0471019191433D9C78FF /* Release */ = {
			isa = XCBuildConfiguration;
			buildSettings = {
				ASSETCATALOG_COMPILER_APPICON_NAME = AppIcon;
				COMBINE_HIDPI_IMAGES = YES;
				INFOPLIST_FILE = Info.plist;
				LD_RUNPATH_SEARCH_PATHS = (
					"$(inherited)",
					"@executable_path/../Frameworks",
				);
				MACOSX_DEPLOYMENT_TARGET = 13.0;
				PRODUCT_BUNDLE_IDENTIFIER = com.dafyomi.viewer.mac;
				SDKROOT = macosx;
				SWIFT_VERSION = 5.0;
			};
			name = Release;
		};
		6EC1D2E95A4866DE0F206705 /* Release */ = {
			isa = XCBuildConfiguration;
			buildSettings = {
				ALWAYS_SEARCH_USER_PATHS = NO;
				CLANG_ANALYZER_NONNULL = YES;
				CLANG_ANALYZER_NUMBER_OBJECT_CONVERSION = YES_AGGRESSIVE;
				CLANG_CXX_LANGUAGE_STANDARD = "gnu++14";
				CLANG_CXX_LIBRARY = "libc++";
				CLANG_ENABLE_MODULES = YES;
				CLANG_ENABLE_OBJC_ARC = YES;
				CLANG_ENABLE_OBJC_WEAK = YES;
				CLANG_WARN_BLOCK_CAPTURE_AUTORELEASING = YES;
				CLANG_WARN_BOOL_CONVERSION = YES;
				CLANG_WARN_COMMA = YES;
				CLANG_WARN_CONSTANT_CONVERSION = YES;
				CLANG_WARN_DEPRECATED_OBJC_IMPLEMENTATIONS = YES;
				CLANG_WARN_DIRECT_OBJC_ISA_USAGE = YES_ERROR;
				CLANG_WARN_DOCUMENTATION_COMMENTS = YES;
				CLANG_WARN_EMPTY_BODY = YES;
				CLANG_WARN_ENUM_CONVERSION = YES;
				CLANG_WARN_INFINITE_RECURSION = YES;
				CLANG_WARN_INT_CONVERSION = YES;
				CLANG_WARN_NON_LITERAL_NULL_CONVERSION = YES;
				CLANG_WARN_OBJC_IMPLICIT_RETAIN_SELF = YES;
				CLANG_WARN_OBJC_LITERAL_CONVERSION = YES;
				CLANG_WARN_OBJC_ROOT_CLASS = YES_ERROR;
				CLANG_WARN_QUOTED_INCLUDE_IN_FRAMEWORK_HEADER = YES;
				CLANG_WARN_RANGE_LOOP_ANALYSIS = YES;
				CLANG_WARN_STRICT_PROTOTYPES = YES;
				CLANG_WARN_SUSPICIOUS_MOVE = YES;
				CLANG_WARN_UNGUARDED_AVAILABILITY = YES_AGGRESSIVE;
				CLANG_WARN_UNREACHABLE_CODE = YES;
				CLANG_WARN__DUPLICATE_METHOD_MATCH = YES;
				COPY_PHASE_STRIP = NO;
				DEBUG_INFORMATION_FORMAT = "dwarf-with-dsym";
				ENABLE_NS_ASSERTIONS = NO;
				ENABLE_STRICT_OBJC_MSGSEND = YES;
				GCC_C_LANGUAGE_STANDARD = gnu11;
				GCC_NO_COMMON_BLOCKS = YES;
				GCC_WARN_64_TO_32_BIT_CONVERSION = YES;
				GCC_WARN_ABOUT_RETURN_TYPE = YES_ERROR;
				GCC_WARN_UNDECLARED_SELECTOR = YES;
				GCC_WARN_UNINITIALIZED_AUTOS = YES_AGGRESSIVE;
				GCC_WARN_UNUSED_FUNCTION = YES;
				GCC_WARN_UNUSED_VARIABLE = YES;
				IPHONEOS_DEPLOYMENT_TARGET = 18.0;
				MACOSX_DEPLOYMENT_TARGET = 13.0;
				MTL_ENABLE_DEBUG_INFO = NO;
				MTL_FAST_MATH = YES;
				PRODUCT_NAME = "$(TARGET_NAME)";
				SWIFT_COMPILATION_MODE = wholemodule;
				SWIFT_OPTIMIZATION_LEVEL = "-O";
				SWIFT_VERSION = 5.0;
			};
			name = Release;
		};
		7F23B43B4C365D7D4CDB3850 /* Debug */ = {
			isa = XCBuildConfiguration;
			buildSettings = {
				ASSETCATALOG_COMPILER_APPICON_NAME = AppIcon;
				CODE_SIGN_IDENTITY = "iPhone Developer";
				INFOPLIST_FILE = Info.plist;
				IPHONEOS_DEPLOYMENT_TARGET = 16.0;
				LD_RUNPATH_SEARCH_PATHS = (
					"$(inherited)",
					"@executable_path/Frameworks",
				);
				PRODUCT_BUNDLE_IDENTIFIER = com.dafyomi.viewer;
				SDKROOT = iphoneos;
				SWIFT_VERSION = 5.0;
				TARGETED_DEVICE_FAMILY = 2;
			};
			name = Debug;
		};
		C23C0831729BBBD7FE7CC21A /* Debug */ = {
			isa = XCBuildConfiguration;
			buildSettings = {
				ASSETCATALOG_COMPILER_APPICON_NAME = AppIcon;
				COMBINE_HIDPI_IMAGES = YES;
				INFOPLIST_FILE = Info.plist;
				LD_RUNPATH_SEARCH_PATHS = (
					"$(inherited)",
					"@executable_path/../Frameworks",
				);
				MACOSX_DEPLOYMENT_TARGET = 13.0;
				PRODUCT_BUNDLE_IDENTIFIER = com.dafyomi.viewer.mac;
				SDKROOT = macosx;
				SWIFT_VERSION = 5.0;
			};
			name = Debug;
		};
		F45B78AB66F5533B73F6CDA5 /* Release */ = {
			isa = XCBuildConfiguration;
			buildSettings = {
				ASSETCATALOG_COMPILER_APPICON_NAME = AppIcon;
				CODE_SIGN_IDENTITY = "iPhone Developer";
				INFOPLIST_FILE = Info.plist;
				IPHONEOS_DEPLOYMENT_TARGET = 16.0;
				LD_RUNPATH_SEARCH_PATHS = (
					"$(inherited)",
					"@executable_path/Frameworks",
				);
				PRODUCT_BUNDLE_IDENTIFIER = com.dafyomi.viewer;
				SDKROOT = iphoneos;
				SWIFT_VERSION = 5.0;
				TARGETED_DEVICE_FAMILY = 2;
			};
			name = Release;
		};
/* End XCBuildConfiguration section */

/* Begin XCConfigurationList section */
		04154090DCE9E20A51A0EE82 /* Build configuration list for PBXProject "DafYomiViewer" */ = {
			isa = XCConfigurationList;
			buildConfigurations = (
				1599FCA861812AC36C0E8E91 /* Debug */,
				6EC1D2E95A4866DE0F206705 /* Release */,
			);
			defaultConfigurationIsVisible = 0;
			defaultConfigurationName = Debug;
		};
		4BA83034D004AC3FCD80272F /* Build configuration list for PBXNativeTarget "DafYomiViewer" */ = {
			isa = XCConfigurationList;
			buildConfigurations = (
				7F23B43B4C365D7D4CDB3850 /* Debug */,
				F45B78AB66F5533B73F6CDA5 /* Release */,
			);
			defaultConfigurationIsVisible = 0;
			defaultConfigurationName = Debug;
		};
		5DAD046BE137CEF256396564 /* Build configuration list for PBXNativeTarget "DafYomiViewerMac" */ = {
			isa = XCConfigurationList;
			buildConfigurations = (
				C23C0831729BBBD7FE7CC21A /* Debug */,
				266B0471019191433D9C78FF /* Release */,
			);
			defaultConfigurationIsVisible = 0;
			defaultConfigurationName = Debug;
		};
/* End XCConfigurationList section */
	};
	rootObject = 7D55D9A980003884FB1BC3E8 /* Project object */;
}
